
Microsoft Visual Studio Solution File, Format Version 12.00
# Visual Studio 2012
Project("{8BC9CEB8-8B4A-11D0-8D11-00A0C91BC942}") = "freshcity.server.gamemode", "freshcity.server.gamemode\freshcity.server.gamemode.vcxproj", "{3FC3247D-2870-409A-8993-266F4E886121}"
EndProject
Project("{8BC9CEB8-8B4A-11D0-8D11-00A0C91BC942}") = "freshcity.dependency.mongoclient", "freshcity.dependency.mongoclient\freshcity.dependency.mongoclient.vcxproj", "{24986999-D89E-4911-9041-AD8409E4CD5A}"
EndProject
Project("{8BC9CEB8-8B4A-11D0-8D11-00A0C91BC942}") = "freshcity.dependency.sampgdk", "freshcity.dependency.sampgdk\freshcity.dependency.sampgdk.vcxproj", "{F42F1B29-DA7D-4C2B-867F-77B367D6CE3C}"
EndProject
Global
	GlobalSection(SolutionConfigurationPlatforms) = preSolution
		Debug|Any CPU = Debug|Any CPU
		Debug|Mixed Platforms = Debug|Mixed Platforms
		Debug|Win32 = Debug|Win32
		Release|Any CPU = Release|Any CPU
		Release|Mixed Platforms = Release|Mixed Platforms
		Release|Win32 = Release|Win32
	EndGlobalSection
	GlobalSection(ProjectConfigurationPlatforms) = postSolution
		{24986999-D89E-4911-9041-AD8409E4CD5A}.Debug|Any CPU.ActiveCfg = Debug|Win32
		{24986999-D89E-4911-9041-AD8409E4CD5A}.Debug|Mixed Platforms.ActiveCfg = Debug|Win32
		{24986999-D89E-4911-9041-AD8409E4CD5A}.Debug|Mixed Platforms.Build.0 = Debug|Win32
		{24986999-D89E-4911-9041-AD8409E4CD5A}.Debug|Win32.ActiveCfg = Debug|Win32
		{24986999-D89E-4911-9041-AD8409E4CD5A}.Debug|Win32.Build.0 = Debug|Win32
		{24986999-D89E-4911-9041-AD8409E4CD5A}.Release|Any CPU.ActiveCfg = Release|Win32
		{24986999-D89E-4911-9041-AD8409E4CD5A}.Release|Mixed Platforms.ActiveCfg = Release|Win32
		{24986999-D89E-4911-9041-AD8409E4CD5A}.Release|Mixed Platforms.Build.0 = Release|Win32
		{24986999-D89E-4911-9041-AD8409E4CD5A}.Release|Win32.ActiveCfg = Release|Win32
		{24986999-D89E-4911-9041-AD8409E4CD5A}.Release|Win32.Build.0 = Release|Win32
		{3FC3247D-2870-409A-8993-266F4E886121}.Debug|Any CPU.ActiveCfg = Debug|Win32
		{3FC3247D-2870-409A-8993-266F4E886121}.Debug|Mixed Platforms.ActiveCfg = Debug|Win32
		{3FC3247D-2870-409A-8993-266F4E886121}.Debug|Mixed Platforms.Build.0 = Debug|Win32
		{3FC3247D-2870-409A-8993-266F4E886121}.Debug|Win32.ActiveCfg = Debug|Win32
		{3FC3247D-2870-409A-8993-266F4E886121}.Debug|Win32.Build.0 = Debug|Win32
		{3FC3247D-2870-409A-8993-266F4E886121}.Release|Any CPU.ActiveCfg = Release|Win32
		{3FC3247D-2870-409A-8993-266F4E886121}.Release|Mixed Platforms.ActiveCfg = Release|Win32
		{3FC3247D-2870-409A-8993-266F4E886121}.Release|Mixed Platforms.Build.0 = Release|Win32
		{3FC3247D-2870-409A-8993-266F4E886121}.Release|Win32.ActiveCfg = Release|Win32
		{3FC3247D-2870-409A-8993-266F4E886121}.Release|Win32.Build.0 = Release|Win32
		{F42F1B29-DA7D-4C2B-867F-77B367D6CE3C}.Debug|Any CPU.ActiveCfg = Debug|Win32
		{F42F1B29-DA7D-4C2B-867F-77B367D6CE3C}.Debug|Mixed Platforms.ActiveCfg = Debug|Win32
		{F42F1B29-DA7D-4C2B-867F-77B367D6CE3C}.Debug|Mixed Platforms.Build.0 = Debug|Win32
		{F42F1B29-DA7D-4C2B-867F-77B367D6CE3C}.Debug|Win32.ActiveCfg = Debug|Win32
		{F42F1B29-DA7D-4C2B-867F-77B367D6CE3C}.Debug|Win32.Build.0 = Debug|Win32
		{F42F1B29-DA7D-4C2B-867F-77B367D6CE3C}.Release|Any CPU.ActiveCfg = Release|Win32
		{F42F1B29-DA7D-4C2B-867F-77B367D6CE3C}.Release|Mixed Platforms.ActiveCfg = Release|Win32
		{F42F1B29-DA7D-4C2B-867F-77B367D6CE3C}.Release|Mixed Platforms.Build.0 = Release|Win32
		{F42F1B29-DA7D-4C2B-867F-77B367D6CE3C}.Release|Win32.ActiveCfg = Release|Win32
		{F42F1B29-DA7D-4C2B-867F-77B367D6CE3C}.Release|Win32.Build.0 = Release|Win32
	EndGlobalSection
	GlobalSection(SolutionProperties) = preSolution
		HideSolutionNode = FALSE
	EndGlobalSection
EndGlobal
