
Microsoft Visual Studio Solution File, Format Version 12.00
# Visual Studio 2012
Project("{8BC9CEB8-8B4A-11D0-8D11-00A0C91BC942}") = "dataproxy", "dataproxy\dataproxy.vcxproj", "{8224696B-F244-48F2-BB97-E789F6BFB85A}"
	ProjectSection(ProjectDependencies) = postProject
		{B11C7CF2-45B4-4585-9F5C-3843F0584850} = {B11C7CF2-45B4-4585-9F5C-3843F0584850}
	EndProjectSection
EndProject
Project("{8BC9CEB8-8B4A-11D0-8D11-00A0C91BC942}") = "common", "common\common.vcxproj", "{B11C7CF2-45B4-4585-9F5C-3843F0584850}"
EndProject
Project("{8BC9CEB8-8B4A-11D0-8D11-00A0C91BC942}") = "gamemode", "gamemode\gamemode.vcxproj", "{07E9C621-3437-49E1-A673-AB153CDF149C}"
	ProjectSection(ProjectDependencies) = postProject
		{8224696B-F244-48F2-BB97-E789F6BFB85A} = {8224696B-F244-48F2-BB97-E789F6BFB85A}
		{B11C7CF2-45B4-4585-9F5C-3843F0584850} = {B11C7CF2-45B4-4585-9F5C-3843F0584850}
	EndProjectSection
EndProject
Project("{8BC9CEB8-8B4A-11D0-8D11-00A0C91BC942}") = "sampgdk", "sampgdk\sampgdk.vcxproj", "{5E6149EE-D6DE-4536-8E81-2A99C9515744}"
EndProject
Project("{8BC9CEB8-8B4A-11D0-8D11-00A0C91BC942}") = "teststation", "teststation\teststation.vcxproj", "{425924C6-3DA5-4F20-B25D-7B7BCF7FEEF3}"
	ProjectSection(ProjectDependencies) = postProject
		{8224696B-F244-48F2-BB97-E789F6BFB85A} = {8224696B-F244-48F2-BB97-E789F6BFB85A}
		{B11C7CF2-45B4-4585-9F5C-3843F0584850} = {B11C7CF2-45B4-4585-9F5C-3843F0584850}
	EndProjectSection
EndProject
Global
	GlobalSection(SolutionConfigurationPlatforms) = preSolution
		Debug|Any CPU = Debug|Any CPU
		Debug|Mixed Platforms = Debug|Mixed Platforms
		Debug|Win32 = Debug|Win32
		Release|Any CPU = Release|Any CPU
		Release|Mixed Platforms = Release|Mixed Platforms
		Release|Win32 = Release|Win32
	EndGlobalSection
	GlobalSection(ProjectConfigurationPlatforms) = postSolution
		{07E9C621-3437-49E1-A673-AB153CDF149C}.Debug|Any CPU.ActiveCfg = Debug|Win32
		{07E9C621-3437-49E1-A673-AB153CDF149C}.Debug|Mixed Platforms.ActiveCfg = Debug|Win32
		{07E9C621-3437-49E1-A673-AB153CDF149C}.Debug|Mixed Platforms.Build.0 = Debug|Win32
		{07E9C621-3437-49E1-A673-AB153CDF149C}.Debug|Win32.ActiveCfg = Debug|Win32
		{07E9C621-3437-49E1-A673-AB153CDF149C}.Debug|Win32.Build.0 = Debug|Win32
		{07E9C621-3437-49E1-A673-AB153CDF149C}.Release|Any CPU.ActiveCfg = Release|Win32
		{07E9C621-3437-49E1-A673-AB153CDF149C}.Release|Mixed Platforms.ActiveCfg = Release|Win32
		{07E9C621-3437-49E1-A673-AB153CDF149C}.Release|Mixed Platforms.Build.0 = Release|Win32
		{07E9C621-3437-49E1-A673-AB153CDF149C}.Release|Win32.ActiveCfg = Release|Win32
		{07E9C621-3437-49E1-A673-AB153CDF149C}.Release|Win32.Build.0 = Release|Win32
		{425924C6-3DA5-4F20-B25D-7B7BCF7FEEF3}.Debug|Any CPU.ActiveCfg = Debug|Win32
		{425924C6-3DA5-4F20-B25D-7B7BCF7FEEF3}.Debug|Mixed Platforms.ActiveCfg = Debug|Win32
		{425924C6-3DA5-4F20-B25D-7B7BCF7FEEF3}.Debug|Mixed Platforms.Build.0 = Debug|Win32
		{425924C6-3DA5-4F20-B25D-7B7BCF7FEEF3}.Debug|Win32.ActiveCfg = Debug|Win32
		{425924C6-3DA5-4F20-B25D-7B7BCF7FEEF3}.Debug|Win32.Build.0 = Debug|Win32
		{425924C6-3DA5-4F20-B25D-7B7BCF7FEEF3}.Release|Any CPU.ActiveCfg = Release|Win32
		{425924C6-3DA5-4F20-B25D-7B7BCF7FEEF3}.Release|Mixed Platforms.ActiveCfg = Release|Win32
		{425924C6-3DA5-4F20-B25D-7B7BCF7FEEF3}.Release|Mixed Platforms.Build.0 = Release|Win32
		{425924C6-3DA5-4F20-B25D-7B7BCF7FEEF3}.Release|Win32.ActiveCfg = Release|Win32
		{425924C6-3DA5-4F20-B25D-7B7BCF7FEEF3}.Release|Win32.Build.0 = Release|Win32
		{5E6149EE-D6DE-4536-8E81-2A99C9515744}.Debug|Any CPU.ActiveCfg = Debug|Win32
		{5E6149EE-D6DE-4536-8E81-2A99C9515744}.Debug|Mixed Platforms.ActiveCfg = Debug|Win32
		{5E6149EE-D6DE-4536-8E81-2A99C9515744}.Debug|Mixed Platforms.Build.0 = Debug|Win32
		{5E6149EE-D6DE-4536-8E81-2A99C9515744}.Debug|Win32.ActiveCfg = Debug|Win32
		{5E6149EE-D6DE-4536-8E81-2A99C9515744}.Debug|Win32.Build.0 = Debug|Win32
		{5E6149EE-D6DE-4536-8E81-2A99C9515744}.Release|Any CPU.ActiveCfg = Release|Win32
		{5E6149EE-D6DE-4536-8E81-2A99C9515744}.Release|Mixed Platforms.ActiveCfg = Release|Win32
		{5E6149EE-D6DE-4536-8E81-2A99C9515744}.Release|Mixed Platforms.Build.0 = Release|Win32
		{5E6149EE-D6DE-4536-8E81-2A99C9515744}.Release|Win32.ActiveCfg = Release|Win32
		{5E6149EE-D6DE-4536-8E81-2A99C9515744}.Release|Win32.Build.0 = Release|Win32
		{8224696B-F244-48F2-BB97-E789F6BFB85A}.Debug|Any CPU.ActiveCfg = Debug|Win32
		{8224696B-F244-48F2-BB97-E789F6BFB85A}.Debug|Mixed Platforms.ActiveCfg = Debug|Win32
		{8224696B-F244-48F2-BB97-E789F6BFB85A}.Debug|Mixed Platforms.Build.0 = Debug|Win32
		{8224696B-F244-48F2-BB97-E789F6BFB85A}.Debug|Win32.ActiveCfg = Debug|Win32
		{8224696B-F244-48F2-BB97-E789F6BFB85A}.Debug|Win32.Build.0 = Debug|Win32
		{8224696B-F244-48F2-BB97-E789F6BFB85A}.Release|Any CPU.ActiveCfg = Release|Win32
		{8224696B-F244-48F2-BB97-E789F6BFB85A}.Release|Mixed Platforms.ActiveCfg = Release|Win32
		{8224696B-F244-48F2-BB97-E789F6BFB85A}.Release|Mixed Platforms.Build.0 = Release|Win32
		{8224696B-F244-48F2-BB97-E789F6BFB85A}.Release|Win32.ActiveCfg = Release|Win32
		{8224696B-F244-48F2-BB97-E789F6BFB85A}.Release|Win32.Build.0 = Release|Win32
		{B11C7CF2-45B4-4585-9F5C-3843F0584850}.Debug|Any CPU.ActiveCfg = Debug|Win32
		{B11C7CF2-45B4-4585-9F5C-3843F0584850}.Debug|Mixed Platforms.ActiveCfg = Debug|Win32
		{B11C7CF2-45B4-4585-9F5C-3843F0584850}.Debug|Mixed Platforms.Build.0 = Debug|Win32
		{B11C7CF2-45B4-4585-9F5C-3843F0584850}.Debug|Win32.ActiveCfg = Debug|Win32
		{B11C7CF2-45B4-4585-9F5C-3843F0584850}.Debug|Win32.Build.0 = Debug|Win32
		{B11C7CF2-45B4-4585-9F5C-3843F0584850}.Release|Any CPU.ActiveCfg = Release|Win32
		{B11C7CF2-45B4-4585-9F5C-3843F0584850}.Release|Mixed Platforms.ActiveCfg = Release|Win32
		{B11C7CF2-45B4-4585-9F5C-3843F0584850}.Release|Mixed Platforms.Build.0 = Release|Win32
		{B11C7CF2-45B4-4585-9F5C-3843F0584850}.Release|Win32.ActiveCfg = Release|Win32
		{B11C7CF2-45B4-4585-9F5C-3843F0584850}.Release|Win32.Build.0 = Release|Win32
	EndGlobalSection
	GlobalSection(SolutionProperties) = preSolution
		HideSolutionNode = FALSE
	EndGlobalSection
EndGlobal
